
Microsoft Visual Studio Solution File, Format Version 12.00
# Visual Studio 15
VisualStudioVersion = 15.0.26730.3
MinimumVisualStudioVersion = 10.0.40219.1
Project("{9092AA53-FB77-4645-B42D-1CCCA6BD08BD}") = "NodejsConsoleApp1", "NodejsConsoleApp1\NodejsConsoleApp1.njsproj", "{9FA3076F-C38C-4167-8B90-6471E7D9994E}"
EndProject
Global
	GlobalSection(SolutionConfigurationPlatforms) = preSolution
		Debug|Any CPU = Debug|Any CPU
		Release|Any CPU = Release|Any CPU
	EndGlobalSection
	GlobalSection(ProjectConfigurationPlatforms) = postSolution
		{9FA3076F-C38C-4167-8B90-6471E7D9994E}.Debug|Any CPU.ActiveCfg = Debug|Any CPU
		{9FA3076F-C38C-4167-8B90-6471E7D9994E}.Debug|Any CPU.Build.0 = Debug|Any CPU
		{9FA3076F-C38C-4167-8B90-6471E7D9994E}.Release|Any CPU.ActiveCfg = Release|Any CPU
		{9FA3076F-C38C-4167-8B90-6471E7D9994E}.Release|Any CPU.Build.0 = Release|Any CPU
	EndGlobalSection
	GlobalSection(SolutionProperties) = preSolution
		HideSolutionNode = FALSE
	EndGlobalSection
	GlobalSection(ExtensibilityGlobals) = postSolution
		SolutionGuid = {500111C8-C501-485F-9461-60FE36A08914}
	EndGlobalSection
EndGlobal
